{
    "_meta": {
        "hash": {
            "sha256": "5e2c534bdf30be702c7917a42708ce841f8af4b9598485fd7862deb04f4b7f23"
        },
        "pipfile-spec": 6,
        "requires": {
            "python_version": "3.8"
        },
        "sources": [
            {
                "name": "pypi",
                "url": "https://pypi.org/simple",
                "verify_ssl": true
            }
        ]
    },
    "default": {
        "pyzmq": {
            "hashes": [
                "sha256:00dca814469436455399660247d74045172955459c0bd49b54a540ce4d652185",
                "sha256:046b92e860914e39612e84fa760fc3f16054d268c11e0e25dcb011fb1bc6a075",
                "sha256:09d24a80ccb8cbda1af6ed8eb26b005b6743e58e9290566d2a6841f4e31fa8e0",
                "sha256:0a422fc290d03958899743db091f8154958410fc76ce7ee0ceb66150f72c2c97",
                "sha256:276ad604bffd70992a386a84bea34883e696a6b22e7378053e5d3227321d9702",
                "sha256:296540a065c8c21b26d63e3cea2d1d57902373b16e4256afe46422691903a438",
                "sha256:29d51279060d0a70f551663bc592418bcad7f4be4eea7b324f6dd81de05cb4c1",
                "sha256:36ab114021c0cab1a423fe6689355e8f813979f2c750968833b318c1fa10a0fd",
                "sha256:3fa6debf4bf9412e59353defad1f8035a1e68b66095a94ead8f7a61ae90b2675",
                "sha256:5120c64646e75f6db20cc16b9a94203926ead5d633de9feba4f137004241221d",
                "sha256:59f1e54627483dcf61c663941d94c4af9bf4163aec334171686cdaee67974fe5",
                "sha256:5d9fc809aa8d636e757e4ced2302569d6e60e9b9c26114a83f0d9d6519c40493",
                "sha256:654d3e06a4edc566b416c10293064732516cf8871a4522e0a2ba00cc2a2e600c",
                "sha256:720d2b6083498a9281eaee3f2927486e9fe02cd16d13a844f2e95217f243efea",
                "sha256:73483a2caaa0264ac717af33d6fb3f143d8379e60a422730ee8d010526ce1913",
                "sha256:8a6ada5a3f719bf46a04ba38595073df8d6b067316c011180102ba2a1925f5b5",
                "sha256:8b66b94fe6243d2d1d89bca336b2424399aac57932858b9a30309803ffc28112",
                "sha256:99cc0e339a731c6a34109e5c4072aaa06d8e32c0b93dc2c2d90345dd45fa196c",
                "sha256:a7e7f930039ee0c4c26e4dfee015f20bd6919cd8b97c9cd7afbde2923a5167b6",
                "sha256:ab0d01148d13854de716786ca73701012e07dff4dfbbd68c4e06d8888743526e",
                "sha256:c1a31cd42905b405530e92bdb70a8a56f048c8a371728b8acf9d746ecd4482c0",
                "sha256:c20dd60b9428f532bc59f2ef6d3b1029a28fc790d408af82f871a7db03e722ff",
                "sha256:c36ffe1e5aa35a1af6a96640d723d0d211c5f48841735c2aa8d034204e87eb87",
                "sha256:c40fbb2b9933369e994b837ee72193d6a4c35dfb9a7c573257ef7ff28961272c",
                "sha256:d46fb17f5693244de83e434648b3dbb4f4b0fec88415d6cbab1c1452b6f2ae17",
                "sha256:e36f12f503511d72d9bdfae11cadbadca22ff632ff67c1b5459f69756a029c19",
                "sha256:f1a25a61495b6f7bb986accc5b597a3541d9bd3ef0016f50be16dbb32025b302",
                "sha256:fa411b1d8f371d3a49d31b0789eb6da2537dadbb2aef74a43aa99a78195c3f76"
            ],
            "index": "pypi",
            "version": "==19.0.2"
        },
        "zmq": {
            "hashes": [
                "sha256:21cfc6be254c9bc25e4dabb8a3b2006a4227966b7b39a637426084c8dc6901f7",
                "sha256:6b1a1de53338646e8c8405803cffb659e8eb7bb02fff4c9be62a7acfac8370c9"
            ],
            "index": "pypi",
            "version": "==0.0.0"
        }
    },
    "develop": {}
}
